
Microsoft Visual Studio Solution File, Format Version 12.00
Project("{2150E333-8FDC-42A3-9474-1A3956D46DE8}") = "Frameworks", "Frameworks", "{9ACFCFB7-5124-48D2-8DE8-2FA4A1F299D5}"
EndProject
Project("{2150E333-8FDC-42A3-9474-1A3956D46DE8}") = "Entities", "Entities", "{22CA43A8-3409-403E-BD4C-5E0EDF2FAE17}"
EndProject
Project("{2150E333-8FDC-42A3-9474-1A3956D46DE8}") = "UseCase", "UseCase", "{1F41933A-2C3A-40B6-AB8C-1F68AE06228B}"
EndProject
Project("{FAE04EC0-301F-11D3-BF4B-00C04F79EFBC}") = "GameCatalogMsSQL", "GameCatalogMsSQL\GameCatalogMsSQL.csproj", "{BCFCDDCE-6E36-4613-8C67-2BC3E67A95D1}"
EndProject
Project("{FAE04EC0-301F-11D3-BF4B-00C04F79EFBC}") = "GameCatalogDomain", "GameCatalogDomain\GameCatalogDomain.csproj", "{96C30094-BB06-460A-9EE7-D009429817D0}"
EndProject
Project("{FAE04EC0-301F-11D3-BF4B-00C04F79EFBC}") = "GameCatalogAplication", "GameCatalogAplication\GameCatalogAplication.csproj", "{B25CEA78-0290-4008-B281-13EEB0BC9CE4}"
EndProject
Project("{2150E333-8FDC-42A3-9474-1A3956D46DE8}") = "Tests", "Tests", "{AEECEBA8-1AE6-41DC-A82B-A4C38CEB8658}"
EndProject
Project("{2150E333-8FDC-42A3-9474-1A3956D46DE8}") = "Interactor", "Interactor", "{4DC61E18-850E-47DF-8042-60697985174E}"
EndProject
Project("{FAE04EC0-301F-11D3-BF4B-00C04F79EFBC}") = "GameCatalogInteractor", "GameCatalogInteractor\GameCatalogInteractor.csproj", "{2F9FC2DD-3E22-40D8-B9AF-7289FC77942C}"
EndProject
Project("{FAE04EC0-301F-11D3-BF4B-00C04F79EFBC}") = "TestProject1", "TestProject1\TestProject1.csproj", "{3664646B-7715-42F9-91C9-CDB377E9CCB7}"
EndProject
Global
	GlobalSection(SolutionConfigurationPlatforms) = preSolution
		Debug|Any CPU = Debug|Any CPU
		Release|Any CPU = Release|Any CPU
	EndGlobalSection
	GlobalSection(ProjectConfigurationPlatforms) = postSolution
		{BCFCDDCE-6E36-4613-8C67-2BC3E67A95D1}.Debug|Any CPU.ActiveCfg = Debug|Any CPU
		{BCFCDDCE-6E36-4613-8C67-2BC3E67A95D1}.Debug|Any CPU.Build.0 = Debug|Any CPU
		{BCFCDDCE-6E36-4613-8C67-2BC3E67A95D1}.Release|Any CPU.ActiveCfg = Release|Any CPU
		{BCFCDDCE-6E36-4613-8C67-2BC3E67A95D1}.Release|Any CPU.Build.0 = Release|Any CPU
		{96C30094-BB06-460A-9EE7-D009429817D0}.Debug|Any CPU.ActiveCfg = Debug|Any CPU
		{96C30094-BB06-460A-9EE7-D009429817D0}.Debug|Any CPU.Build.0 = Debug|Any CPU
		{96C30094-BB06-460A-9EE7-D009429817D0}.Release|Any CPU.ActiveCfg = Release|Any CPU
		{96C30094-BB06-460A-9EE7-D009429817D0}.Release|Any CPU.Build.0 = Release|Any CPU
		{B25CEA78-0290-4008-B281-13EEB0BC9CE4}.Debug|Any CPU.ActiveCfg = Debug|Any CPU
		{B25CEA78-0290-4008-B281-13EEB0BC9CE4}.Debug|Any CPU.Build.0 = Debug|Any CPU
		{B25CEA78-0290-4008-B281-13EEB0BC9CE4}.Release|Any CPU.ActiveCfg = Release|Any CPU
		{B25CEA78-0290-4008-B281-13EEB0BC9CE4}.Release|Any CPU.Build.0 = Release|Any CPU
		{2F9FC2DD-3E22-40D8-B9AF-7289FC77942C}.Debug|Any CPU.ActiveCfg = Debug|Any CPU
		{2F9FC2DD-3E22-40D8-B9AF-7289FC77942C}.Debug|Any CPU.Build.0 = Debug|Any CPU
		{2F9FC2DD-3E22-40D8-B9AF-7289FC77942C}.Release|Any CPU.ActiveCfg = Release|Any CPU
		{2F9FC2DD-3E22-40D8-B9AF-7289FC77942C}.Release|Any CPU.Build.0 = Release|Any CPU
		{3664646B-7715-42F9-91C9-CDB377E9CCB7}.Debug|Any CPU.ActiveCfg = Debug|Any CPU
		{3664646B-7715-42F9-91C9-CDB377E9CCB7}.Debug|Any CPU.Build.0 = Debug|Any CPU
		{3664646B-7715-42F9-91C9-CDB377E9CCB7}.Release|Any CPU.ActiveCfg = Release|Any CPU
		{3664646B-7715-42F9-91C9-CDB377E9CCB7}.Release|Any CPU.Build.0 = Release|Any CPU
	EndGlobalSection
	GlobalSection(NestedProjects) = preSolution
		{BCFCDDCE-6E36-4613-8C67-2BC3E67A95D1} = {1F41933A-2C3A-40B6-AB8C-1F68AE06228B}
		{96C30094-BB06-460A-9EE7-D009429817D0} = {22CA43A8-3409-403E-BD4C-5E0EDF2FAE17}
		{B25CEA78-0290-4008-B281-13EEB0BC9CE4} = {9ACFCFB7-5124-48D2-8DE8-2FA4A1F299D5}
		{2F9FC2DD-3E22-40D8-B9AF-7289FC77942C} = {4DC61E18-850E-47DF-8042-60697985174E}
		{3664646B-7715-42F9-91C9-CDB377E9CCB7} = {AEECEBA8-1AE6-41DC-A82B-A4C38CEB8658}
	EndGlobalSection
EndGlobal
